// !$*UTF8*$!
{
	archiveVersion = 1;
	classes = {
	};
	objectVersion = 77;
	objects = {

/* Begin PBXContainerItemProxy section */
		28EB09AE2D940220001BEE5C /* PBXContainerItemProxy */ = {
			isa = PBXContainerItemProxy;
			containerPortal = 28EB09952D94021F001BEE5C /* Project object */;
			proxyType = 1;
			remoteGlobalIDString = 28EB099C2D94021F001BEE5C;
			remoteInfo = PetRoll;
		};
		28EB09B82D940220001BEE5C /* PBXContainerItemProxy */ = {
			isa = PBXContainerItemProxy;
			containerPortal = 28EB09952D94021F001BEE5C /* Project object */;
			proxyType = 1;
			remoteGlobalIDString = 28EB099C2D94021F001BEE5C;
			remoteInfo = PetRoll;
		};
/* End PBXContainerItemProxy section */

/* Begin PBXFileReference section */
		28EB099D2D94021F001BEE5C /* PetRoll.app */ = {isa = PBXFileReference; explicitFileType = wrapper.application; includeInIndex = 0; path = PetRoll.app; sourceTree = BUILT_PRODUCTS_DIR; };
		28EB09AD2D940220001BEE5C /* PetRollTests.xctest */ = {isa = PBXFileReference; explicitFileType = wrapper.cfbundle; includeInIndex = 0; path = PetRollTests.xctest; sourceTree = BUILT_PRODUCTS_DIR; };
		28EB09B72D940220001BEE5C /* PetRollUITests.xctest */ = {isa = PBXFileReference; explicitFileType = wrapper.cfbundle; includeInIndex = 0; path = PetRollUITests.xctest; sourceTree = BUILT_PRODUCTS_DIR; };
/* End PBXFileReference section */

/* Begin PBXFileSystemSynchronizedBuildFileExceptionSet section */
		28F20BC52DA6174A0063E7FF /* Exceptions for "PetRoll" folder in "PetRoll" target */ = {
			isa = PBXFileSystemSynchronizedBuildFileExceptionSet;
			membershipExceptions = (
				Assets.xcassets,
				Components/GaugeGroup.swift,
				Components/HintButton.swift,
				Components/HorizontalList.swift,
				Components/InsideLocPanel.swift,
				Components/LifeBar.swift,
				Components/OutsideLocPanel.swift,
				Components/PrimaryButton.swift,
				Models/PetStatus.swift,
				Models/Quiz.swift,
				Models/QuizData.json,
				Navigation/AppRoute.swift,
				Navigation/NavigationModel.swift,
				PetRollApp.swift,
				"Preview Content/Preview Assets.xcassets",
				ViewModels/animationSequence.swift,
				ViewModels/LocationManager.swift,
				"ViewModels/music-petroll.mp3",
				ViewModels/PetViewModel.swift,
				ViewModels/QuizDataLoader.swift,
				ViewModels/QuizViewModel.swift,
				ViewModels/SoundController.swift,
				Views/ContentView.swift,
				Views/FinishQuizView.swift,
				Views/PreviewQuizView.swift,
				Views/QuizView.swift,
				Views/SplashScreenView.swift,
			);
			target = 28EB099C2D94021F001BEE5C /* PetRoll */;
		};
		28F20BC62DA6174A0063E7FF /* Exceptions for "PetRoll" folder in "PetRollTests" target */ = {
			isa = PBXFileSystemSynchronizedBuildFileExceptionSet;
			membershipExceptions = (
				Assets.xcassets,
				Components/GaugeGroup.swift,
				Components/HintButton.swift,
				Components/HorizontalList.swift,
				Components/InsideLocPanel.swift,
				Components/LifeBar.swift,
				Components/OutsideLocPanel.swift,
				Components/PrimaryButton.swift,
				Models/PetStatus.swift,
				Models/Quiz.swift,
				Models/QuizData.json,
				Navigation/AppRoute.swift,
				Navigation/NavigationModel.swift,
				PetRollApp.swift,
				"Preview Content/Preview Assets.xcassets",
				ViewModels/animationSequence.swift,
				ViewModels/LocationManager.swift,
				"ViewModels/music-petroll.mp3",
				ViewModels/PetViewModel.swift,
				ViewModels/QuizDataLoader.swift,
				ViewModels/QuizViewModel.swift,
				ViewModels/SoundController.swift,
				Views/ContentView.swift,
				Views/FinishQuizView.swift,
				Views/PreviewQuizView.swift,
				Views/QuizView.swift,
				Views/SplashScreenView.swift,
			);
			target = 28EB09AC2D940220001BEE5C /* PetRollTests */;
		};
/* End PBXFileSystemSynchronizedBuildFileExceptionSet section */

/* Begin PBXFileSystemSynchronizedRootGroup section */
		28EB09B02D940220001BEE5C /* PetRollTests */ = {
			isa = PBXFileSystemSynchronizedRootGroup;
			path = PetRollTests;
			sourceTree = "<group>";
		};
		28EB09BA2D940220001BEE5C /* PetRollUITests */ = {
			isa = PBXFileSystemSynchronizedRootGroup;
			path = PetRollUITests;
			sourceTree = "<group>";
		};
		28F20BAC2DA6174A0063E7FF /* PetRoll */ = {
			isa = PBXFileSystemSynchronizedRootGroup;
			exceptions = (
				28F20BC52DA6174A0063E7FF /* Exceptions for "PetRoll" folder in "PetRoll" target */,
				28F20BC62DA6174A0063E7FF /* Exceptions for "PetRoll" folder in "PetRollTests" target */,
			);
			path = PetRoll;
			sourceTree = "<group>";
		};
/* End PBXFileSystemSynchronizedRootGroup section */

/* Begin PBXFrameworksBuildPhase section */
		28EB099A2D94021F001BEE5C /* Frameworks */ = {
			isa = PBXFrameworksBuildPhase;
			buildActionMask = 2147483647;
			files = (
			);
			runOnlyForDeploymentPostprocessing = 0;
		};
		28EB09AA2D940220001BEE5C /* Frameworks */ = {
			isa = PBXFrameworksBuildPhase;
			buildActionMask = 2147483647;
			files = (
			);
			runOnlyForDeploymentPostprocessing = 0;
		};
		28EB09B42D940220001BEE5C /* Frameworks */ = {
			isa = PBXFrameworksBuildPhase;
			buildActionMask = 2147483647;
			files = (
			);
			runOnlyForDeploymentPostprocessing = 0;
		};
/* End PBXFrameworksBuildPhase section */

/* Begin PBXGroup section */
		28EB09942D94021F001BEE5C = {
			isa = PBXGroup;
			children = (
				28F20BAC2DA6174A0063E7FF /* PetRoll */,
				28EB09B02D940220001BEE5C /* PetRollTests */,
				28EB09BA2D940220001BEE5C /* PetRollUITests */,
				28EB099E2D94021F001BEE5C /* Products */,
			);
			sourceTree = "<group>";
		};
		28EB099E2D94021F001BEE5C /* Products */ = {
			isa = PBXGroup;
			children = (
				28EB099D2D94021F001BEE5C /* PetRoll.app */,
				28EB09AD2D940220001BEE5C /* PetRollTests.xctest */,
				28EB09B72D940220001BEE5C /* PetRollUITests.xctest */,
			);
			name = Products;
			sourceTree = "<group>";
		};
/* End PBXGroup section */

/* Begin PBXNativeTarget section */
		28EB099C2D94021F001BEE5C /* PetRoll */ = {
			isa = PBXNativeTarget;
			buildConfigurationList = 28EB09C12D940220001BEE5C /* Build configuration list for PBXNativeTarget "PetRoll" */;
			buildPhases = (
				28EB09992D94021F001BEE5C /* Sources */,
				28EB099A2D94021F001BEE5C /* Frameworks */,
				28EB099B2D94021F001BEE5C /* Resources */,
			);
			buildRules = (
			);
			dependencies = (
			);
			name = PetRoll;
			packageProductDependencies = (
			);
			productName = PetRoll;
			productReference = 28EB099D2D94021F001BEE5C /* PetRoll.app */;
			productType = "com.apple.product-type.application";
		};
		28EB09AC2D940220001BEE5C /* PetRollTests */ = {
			isa = PBXNativeTarget;
			buildConfigurationList = 28EB09C42D940220001BEE5C /* Build configuration list for PBXNativeTarget "PetRollTests" */;
			buildPhases = (
				28EB09A92D940220001BEE5C /* Sources */,
				28EB09AA2D940220001BEE5C /* Frameworks */,
				28EB09AB2D940220001BEE5C /* Resources */,
			);
			buildRules = (
			);
			dependencies = (
				28EB09AF2D940220001BEE5C /* PBXTargetDependency */,
			);
			fileSystemSynchronizedGroups = (
				28EB09B02D940220001BEE5C /* PetRollTests */,
				28F20BAC2DA6174A0063E7FF /* PetRoll */,
			);
			name = PetRollTests;
			packageProductDependencies = (
			);
			productName = PetRollTests;
			productReference = 28EB09AD2D940220001BEE5C /* PetRollTests.xctest */;
			productType = "com.apple.product-type.bundle.unit-test";
		};
		28EB09B62D940220001BEE5C /* PetRollUITests */ = {
			isa = PBXNativeTarget;
			buildConfigurationList = 28EB09C72D940220001BEE5C /* Build configuration list for PBXNativeTarget "PetRollUITests" */;
			buildPhases = (
				28EB09B32D940220001BEE5C /* Sources */,
				28EB09B42D940220001BEE5C /* Frameworks */,
				28EB09B52D940220001BEE5C /* Resources */,
			);
			buildRules = (
			);
			dependencies = (
				28EB09B92D940220001BEE5C /* PBXTargetDependency */,
			);
			fileSystemSynchronizedGroups = (
				28EB09BA2D940220001BEE5C /* PetRollUITests */,
			);
			name = PetRollUITests;
			packageProductDependencies = (
			);
			productName = PetRollUITests;
			productReference = 28EB09B72D940220001BEE5C /* PetRollUITests.xctest */;
			productType = "com.apple.product-type.bundle.ui-testing";
		};
/* End PBXNativeTarget section */

/* Begin PBXProject section */
		28EB09952D94021F001BEE5C /* Project object */ = {
			isa = PBXProject;
			attributes = {
				BuildIndependentTargetsInParallel = 1;
				LastSwiftUpdateCheck = 1620;
				LastUpgradeCheck = 1620;
				TargetAttributes = {
					28EB099C2D94021F001BEE5C = {
						CreatedOnToolsVersion = 16.2;
					};
					28EB09AC2D940220001BEE5C = {
						CreatedOnToolsVersion = 16.2;
						TestTargetID = 28EB099C2D94021F001BEE5C;
					};
					28EB09B62D940220001BEE5C = {
						CreatedOnToolsVersion = 16.2;
						TestTargetID = 28EB099C2D94021F001BEE5C;
					};
				};
			};
			buildConfigurationList = 28EB09982D94021F001BEE5C /* Build configuration list for PBXProject "PetRoll" */;
			developmentRegion = en;
			hasScannedForEncodings = 0;
			knownRegions = (
				en,
				Base,
			);
			mainGroup = 28EB09942D94021F001BEE5C;
			minimizedProjectReferenceProxies = 1;
			preferredProjectObjectVersion = 77;
			productRefGroup = 28EB099E2D94021F001BEE5C /* Products */;
			projectDirPath = "";
			projectRoot = "";
			targets = (
				28EB099C2D94021F001BEE5C /* PetRoll */,
				28EB09AC2D940220001BEE5C /* PetRollTests */,
				28EB09B62D940220001BEE5C /* PetRollUITests */,
			);
		};
/* End PBXProject section */

/* Begin PBXResourcesBuildPhase section */
		28EB099B2D94021F001BEE5C /* Resources */ = {
			isa = PBXResourcesBuildPhase;
			buildActionMask = 2147483647;
			files = (
			);
			runOnlyForDeploymentPostprocessing = 0;
		};
		28EB09AB2D940220001BEE5C /* Resources */ = {
			isa = PBXResourcesBuildPhase;
			buildActionMask = 2147483647;
			files = (
			);
			runOnlyForDeploymentPostprocessing = 0;
		};
		28EB09B52D940220001BEE5C /* Resources */ = {
			isa = PBXResourcesBuildPhase;
			buildActionMask = 2147483647;
			files = (
			);
			runOnlyForDeploymentPostprocessing = 0;
		};
/* End PBXResourcesBuildPhase section */

/* Begin PBXSourcesBuildPhase section */
		28EB09992D94021F001BEE5C /* Sources */ = {
			isa = PBXSourcesBuildPhase;
			buildActionMask = 2147483647;
			files = (
			);
			runOnlyForDeploymentPostprocessing = 0;
		};
		28EB09A92D940220001BEE5C /* Sources */ = {
			isa = PBXSourcesBuildPhase;
			buildActionMask = 2147483647;
			files = (
			);
			runOnlyForDeploymentPostprocessing = 0;
		};
		28EB09B32D940220001BEE5C /* Sources */ = {
			isa = PBXSourcesBuildPhase;
			buildActionMask = 2147483647;
			files = (
			);
			runOnlyForDeploymentPostprocessing = 0;
		};
/* End PBXSourcesBuildPhase section */

/* Begin PBXTargetDependency section */
		28EB09AF2D940220001BEE5C /* PBXTargetDependency */ = {
			isa = PBXTargetDependency;
			target = 28EB099C2D94021F001BEE5C /* PetRoll */;
			targetProxy = 28EB09AE2D940220001BEE5C /* PBXContainerItemProxy */;
		};
		28EB09B92D940220001BEE5C /* PBXTargetDependency */ = {
			isa = PBXTargetDependency;
			target = 28EB099C2D94021F001BEE5C /* PetRoll */;
			targetProxy = 28EB09B82D940220001BEE5C /* PBXContainerItemProxy */;
		};
/* End PBXTargetDependency section */

/* Begin XCBuildConfiguration section */
		28EB09BF2D940220001BEE5C /* Debug */ = {
			isa = XCBuildConfiguration;
			buildSettings = {
				ALWAYS_SEARCH_USER_PATHS = NO;
				ASSETCATALOG_COMPILER_GENERATE_SWIFT_ASSET_SYMBOL_EXTENSIONS = YES;
				CLANG_ANALYZER_NONNULL = YES;
				CLANG_ANALYZER_NUMBER_OBJECT_CONVERSION = YES_AGGRESSIVE;
				CLANG_CXX_LANGUAGE_STANDARD = "gnu++20";
				CLANG_ENABLE_MODULES = YES;
				CLANG_ENABLE_OBJC_ARC = YES;
				CLANG_ENABLE_OBJC_WEAK = YES;
				CLANG_WARN_BLOCK_CAPTURE_AUTORELEASING = YES;
				CLANG_WARN_BOOL_CONVERSION = YES;
				CLANG_WARN_COMMA = YES;
				CLANG_WARN_CONSTANT_CONVERSION = YES;
				CLANG_WARN_DEPRECATED_OBJC_IMPLEMENTATIONS = YES;
				CLANG_WARN_DIRECT_OBJC_ISA_USAGE = YES_ERROR;
				CLANG_WARN_DOCUMENTATION_COMMENTS = YES;
				CLANG_WARN_EMPTY_BODY = YES;
				CLANG_WARN_ENUM_CONVERSION = YES;
				CLANG_WARN_INFINITE_RECURSION = YES;
				CLANG_WARN_INT_CONVERSION = YES;
				CLANG_WARN_NON_LITERAL_NULL_CONVERSION = YES;
				CLANG_WARN_OBJC_IMPLICIT_RETAIN_SELF = YES;
				CLANG_WARN_OBJC_LITERAL_CONVERSION = YES;
				CLANG_WARN_OBJC_ROOT_CLASS = YES_ERROR;
				CLANG_WARN_QUOTED_INCLUDE_IN_FRAMEWORK_HEADER = YES;
				CLANG_WARN_RANGE_LOOP_ANALYSIS = YES;
				CLANG_WARN_STRICT_PROTOTYPES = YES;
				CLANG_WARN_SUSPICIOUS_MOVE = YES;
				CLANG_WARN_UNGUARDED_AVAILABILITY = YES_AGGRESSIVE;
				CLANG_WARN_UNREACHABLE_CODE = YES;
				CLANG_WARN__DUPLICATE_METHOD_MATCH = YES;
				COPY_PHASE_STRIP = NO;
				DEBUG_INFORMATION_FORMAT = dwarf;
				ENABLE_STRICT_OBJC_MSGSEND = YES;
				ENABLE_TESTABILITY = YES;
				ENABLE_USER_SCRIPT_SANDBOXING = YES;
				GCC_C_LANGUAGE_STANDARD = gnu17;
				GCC_DYNAMIC_NO_PIC = NO;
				GCC_NO_COMMON_BLOCKS = YES;
				GCC_OPTIMIZATION_LEVEL = 0;
				GCC_PREPROCESSOR_DEFINITIONS = (
					"DEBUG=1",
					"$(inherited)",
				);
				GCC_WARN_64_TO_32_BIT_CONVERSION = YES;
				GCC_WARN_ABOUT_RETURN_TYPE = YES_ERROR;
				GCC_WARN_UNDECLARED_SELECTOR = YES;
				GCC_WARN_UNINITIALIZED_AUTOS = YES_AGGRESSIVE;
				GCC_WARN_UNUSED_FUNCTION = YES;
				GCC_WARN_UNUSED_VARIABLE = YES;
				IPHONEOS_DEPLOYMENT_TARGET = 18.2;
				LOCALIZATION_PREFERS_STRING_CATALOGS = YES;
				MTL_ENABLE_DEBUG_INFO = INCLUDE_SOURCE;
				MTL_FAST_MATH = YES;
				ONLY_ACTIVE_ARCH = YES;
				SDKROOT = iphoneos;
				SWIFT_ACTIVE_COMPILATION_CONDITIONS = "DEBUG $(inherited)";
				SWIFT_OPTIMIZATION_LEVEL = "-Onone";
			};
			name = Debug;
		};
		28EB09C02D940220001BEE5C /* Release */ = {
			isa = XCBuildConfiguration;
			buildSettings = {
				ALWAYS_SEARCH_USER_PATHS = NO;
				ASSETCATALOG_COMPILER_GENERATE_SWIFT_ASSET_SYMBOL_EXTENSIONS = YES;
				CLANG_ANALYZER_NONNULL = YES;
				CLANG_ANALYZER_NUMBER_OBJECT_CONVERSION = YES_AGGRESSIVE;
				CLANG_CXX_LANGUAGE_STANDARD = "gnu++20";
				CLANG_ENABLE_MODULES = YES;
				CLANG_ENABLE_OBJC_ARC = YES;
				CLANG_ENABLE_OBJC_WEAK = YES;
				CLANG_WARN_BLOCK_CAPTURE_AUTORELEASING = YES;
				CLANG_WARN_BOOL_CONVERSION = YES;
				CLANG_WARN_COMMA = YES;
				CLANG_WARN_CONSTANT_CONVERSION = YES;
				CLANG_WARN_DEPRECATED_OBJC_IMPLEMENTATIONS = YES;
				CLANG_WARN_DIRECT_OBJC_ISA_USAGE = YES_ERROR;
				CLANG_WARN_DOCUMENTATION_COMMENTS = YES;
				CLANG_WARN_EMPTY_BODY = YES;
				CLANG_WARN_ENUM_CONVERSION = YES;
				CLANG_WARN_INFINITE_RECURSION = YES;
				CLANG_WARN_INT_CONVERSION = YES;
				CLANG_WARN_NON_LITERAL_NULL_CONVERSION = YES;
				CLANG_WARN_OBJC_IMPLICIT_RETAIN_SELF = YES;
				CLANG_WARN_OBJC_LITERAL_CONVERSION = YES;
				CLANG_WARN_OBJC_ROOT_CLASS = YES_ERROR;
				CLANG_WARN_QUOTED_INCLUDE_IN_FRAMEWORK_HEADER = YES;
				CLANG_WARN_RANGE_LOOP_ANALYSIS = YES;
				CLANG_WARN_STRICT_PROTOTYPES = YES;
				CLANG_WARN_SUSPICIOUS_MOVE = YES;
				CLANG_WARN_UNGUARDED_AVAILABILITY = YES_AGGRESSIVE;
				CLANG_WARN_UNREACHABLE_CODE = YES;
				CLANG_WARN__DUPLICATE_METHOD_MATCH = YES;
				COPY_PHASE_STRIP = NO;
				DEBUG_INFORMATION_FORMAT = "dwarf-with-dsym";
				ENABLE_NS_ASSERTIONS = NO;
				ENABLE_STRICT_OBJC_MSGSEND = YES;
				ENABLE_USER_SCRIPT_SANDBOXING = YES;
				GCC_C_LANGUAGE_STANDARD = gnu17;
				GCC_NO_COMMON_BLOCKS = YES;
				GCC_WARN_64_TO_32_BIT_CONVERSION = YES;
				GCC_WARN_ABOUT_RETURN_TYPE = YES_ERROR;
				GCC_WARN_UNDECLARED_SELECTOR = YES;
				GCC_WARN_UNINITIALIZED_AUTOS = YES_AGGRESSIVE;
				GCC_WARN_UNUSED_FUNCTION = YES;
				GCC_WARN_UNUSED_VARIABLE = YES;
				IPHONEOS_DEPLOYMENT_TARGET = 18.2;
				LOCALIZATION_PREFERS_STRING_CATALOGS = YES;
				MTL_ENABLE_DEBUG_INFO = NO;
				MTL_FAST_MATH = YES;
				SDKROOT = iphoneos;
				SWIFT_COMPILATION_MODE = wholemodule;
				VALIDATE_PRODUCT = YES;
			};
			name = Release;
		};
		28EB09C22D940220001BEE5C /* Debug */ = {
			isa = XCBuildConfiguration;
			buildSettings = {
				ASSETCATALOG_COMPILER_APPICON_NAME = AppIcon;
				ASSETCATALOG_COMPILER_GLOBAL_ACCENT_COLOR_NAME = AccentColor;
				CODE_SIGN_STYLE = Automatic;
				CURRENT_PROJECT_VERSION = 1;
				DEVELOPMENT_ASSET_PATHS = "\"PetRoll/Preview Content\"";
				DEVELOPMENT_TEAM = C73BTKKUMJ;
				ENABLE_PREVIEWS = YES;
				GENERATE_INFOPLIST_FILE = YES;
				INFOPLIST_FILE = PetRoll/Info.plist;
				INFOPLIST_KEY_UIApplicationSceneManifest_Generation = YES;
				INFOPLIST_KEY_UIApplicationSupportsIndirectInputEvents = YES;
				INFOPLIST_KEY_UILaunchScreen_Generation = YES;
				INFOPLIST_KEY_UISupportedInterfaceOrientations_iPad = "UIInterfaceOrientationPortrait UIInterfaceOrientationPortraitUpsideDown UIInterfaceOrientationLandscapeLeft UIInterfaceOrientationLandscapeRight";
				INFOPLIST_KEY_UISupportedInterfaceOrientations_iPhone = "UIInterfaceOrientationPortrait UIInterfaceOrientationLandscapeLeft UIInterfaceOrientationLandscapeRight";
				LD_RUNPATH_SEARCH_PATHS = (
					"$(inherited)",
					"@executable_path/Frameworks",
				);
				MARKETING_VERSION = 1.0;
				PRODUCT_BUNDLE_IDENTIFIER = com.fathurhidayat.PetRoll12;
				PRODUCT_NAME = "$(TARGET_NAME)";
				SWIFT_EMIT_LOC_STRINGS = YES;
				SWIFT_VERSION = 5.0;
				TARGETED_DEVICE_FAMILY = "1,2";
			};
			name = Debug;
		};
		28EB09C32D940220001BEE5C /* Release */ = {
			isa = XCBuildConfiguration;
			buildSettings = {
				ASSETCATALOG_COMPILER_APPICON_NAME = AppIcon;
				ASSETCATALOG_COMPILER_GLOBAL_ACCENT_COLOR_NAME = AccentColor;
				CODE_SIGN_STYLE = Automatic;
				CURRENT_PROJECT_VERSION = 1;
				DEVELOPMENT_ASSET_PATHS = "\"PetRoll/Preview Content\"";
				DEVELOPMENT_TEAM = C73BTKKUMJ;
				ENABLE_PREVIEWS = YES;
				GENERATE_INFOPLIST_FILE = YES;
				INFOPLIST_FILE = PetRoll/Info.plist;
				INFOPLIST_KEY_UIApplicationSceneManifest_Generation = YES;
				INFOPLIST_KEY_UIApplicationSupportsIndirectInputEvents = YES;
				INFOPLIST_KEY_UILaunchScreen_Generation = YES;
				INFOPLIST_KEY_UISupportedInterfaceOrientations_iPad = "UIInterfaceOrientationPortrait UIInterfaceOrientationPortraitUpsideDown UIInterfaceOrientationLandscapeLeft UIInterfaceOrientationLandscapeRight";
				INFOPLIST_KEY_UISupportedInterfaceOrientations_iPhone = "UIInterfaceOrientationPortrait UIInterfaceOrientationLandscapeLeft UIInterfaceOrientationLandscapeRight";
				LD_RUNPATH_SEARCH_PATHS = (
					"$(inherited)",
					"@executable_path/Frameworks",
				);
				MARKETING_VERSION = 1.0;
				PRODUCT_BUNDLE_IDENTIFIER = com.fathurhidayat.PetRoll12;
				PRODUCT_NAME = "$(TARGET_NAME)";
				SWIFT_EMIT_LOC_STRINGS = YES;
				SWIFT_VERSION = 5.0;
				TARGETED_DEVICE_FAMILY = "1,2";
			};
			name = Release;
		};
		28EB09C52D940220001BEE5C /* Debug */ = {
			isa = XCBuildConfiguration;
			buildSettings = {
				BUNDLE_LOADER = "$(TEST_HOST)";
				CODE_SIGN_STYLE = Automatic;
				CURRENT_PROJECT_VERSION = 1;
				DEVELOPMENT_TEAM = C73BTKKUMJ;
				GENERATE_INFOPLIST_FILE = YES;
				IPHONEOS_DEPLOYMENT_TARGET = 18.2;
				MARKETING_VERSION = 1.0;
				PRODUCT_BUNDLE_IDENTIFIER = com.fathurhidayat.PetRollTests;
				PRODUCT_NAME = "$(TARGET_NAME)";
				SWIFT_EMIT_LOC_STRINGS = NO;
				SWIFT_VERSION = 5.0;
				TARGETED_DEVICE_FAMILY = "1,2";
				TEST_HOST = "$(BUILT_PRODUCTS_DIR)/PetRoll.app/$(BUNDLE_EXECUTABLE_FOLDER_PATH)/PetRoll";
			};
			name = Debug;
		};
		28EB09C62D940220001BEE5C /* Release */ = {
			isa = XCBuildConfiguration;
			buildSettings = {
				BUNDLE_LOADER = "$(TEST_HOST)";
				CODE_SIGN_STYLE = Automatic;
				CURRENT_PROJECT_VERSION = 1;
				DEVELOPMENT_TEAM = C73BTKKUMJ;
				GENERATE_INFOPLIST_FILE = YES;
				IPHONEOS_DEPLOYMENT_TARGET = 18.2;
				MARKETING_VERSION = 1.0;
				PRODUCT_BUNDLE_IDENTIFIER = com.fathurhidayat.PetRollTests;
				PRODUCT_NAME = "$(TARGET_NAME)";
				SWIFT_EMIT_LOC_STRINGS = NO;
				SWIFT_VERSION = 5.0;
				TARGETED_DEVICE_FAMILY = "1,2";
				TEST_HOST = "$(BUILT_PRODUCTS_DIR)/PetRoll.app/$(BUNDLE_EXECUTABLE_FOLDER_PATH)/PetRoll";
			};
			name = Release;
		};
		28EB09C82D940220001BEE5C /* Debug */ = {
			isa = XCBuildConfiguration;
			buildSettings = {
				CODE_SIGN_STYLE = Automatic;
				CURRENT_PROJECT_VERSION = 1;
				DEVELOPMENT_TEAM = C73BTKKUMJ;
				GENERATE_INFOPLIST_FILE = YES;
				MARKETING_VERSION = 1.0;
				PRODUCT_BUNDLE_IDENTIFIER = com.fathurhidayat.PetRollUITests;
				PRODUCT_NAME = "$(TARGET_NAME)";
				SWIFT_EMIT_LOC_STRINGS = NO;
				SWIFT_VERSION = 5.0;
				TARGETED_DEVICE_FAMILY = "1,2";
				TEST_TARGET_NAME = PetRoll;
			};
			name = Debug;
		};
		28EB09C92D940220001BEE5C /* Release */ = {
			isa = XCBuildConfiguration;
			buildSettings = {
				CODE_SIGN_STYLE = Automatic;
				CURRENT_PROJECT_VERSION = 1;
				DEVELOPMENT_TEAM = C73BTKKUMJ;
				GENERATE_INFOPLIST_FILE = YES;
				MARKETING_VERSION = 1.0;
				PRODUCT_BUNDLE_IDENTIFIER = com.fathurhidayat.PetRollUITests;
				PRODUCT_NAME = "$(TARGET_NAME)";
				SWIFT_EMIT_LOC_STRINGS = NO;
				SWIFT_VERSION = 5.0;
				TARGETED_DEVICE_FAMILY = "1,2";
				TEST_TARGET_NAME = PetRoll;
			};
			name = Release;
		};
/* End XCBuildConfiguration section */

/* Begin XCConfigurationList section */
		28EB09982D94021F001BEE5C /* Build configuration list for PBXProject "PetRoll" */ = {
			isa = XCConfigurationList;
			buildConfigurations = (
				28EB09BF2D940220001BEE5C /* Debug */,
				28EB09C02D940220001BEE5C /* Release */,
			);
			defaultConfigurationIsVisible = 0;
			defaultConfigurationName = Release;
		};
		28EB09C12D940220001BEE5C /* Build configuration list for PBXNativeTarget "PetRoll" */ = {
			isa = XCConfigurationList;
			buildConfigurations = (
				28EB09C22D940220001BEE5C /* Debug */,
				28EB09C32D940220001BEE5C /* Release */,
			);
			defaultConfigurationIsVisible = 0;
			defaultConfigurationName = Release;
		};
		28EB09C42D940220001BEE5C /* Build configuration list for PBXNativeTarget "PetRollTests" */ = {
			isa = XCConfigurationList;
			buildConfigurations = (
				28EB09C52D940220001BEE5C /* Debug */,
				28EB09C62D940220001BEE5C /* Release */,
			);
			defaultConfigurationIsVisible = 0;
			defaultConfigurationName = Release;
		};
		28EB09C72D940220001BEE5C /* Build configuration list for PBXNativeTarget "PetRollUITests" */ = {
			isa = XCConfigurationList;
			buildConfigurations = (
				28EB09C82D940220001BEE5C /* Debug */,
				28EB09C92D940220001BEE5C /* Release */,
			);
			defaultConfigurationIsVisible = 0;
			defaultConfigurationName = Release;
		};
/* End XCConfigurationList section */
	};
	rootObject = 28EB09952D94021F001BEE5C /* Project object */;
}
